// !$*UTF8*$!
{
	archiveVersion = 1;
	classes = {
	};
	objectVersion = 50;
	objects = {

/* Begin PBXBuildFile section */
		BD44EF19209C719200BF0596 /* ProductTableViewController.swift in Sources */ = {isa = PBXBuildFile; fileRef = BD44EF18209C719200BF0596 /* ProductTableViewController.swift */; };
		BD44EF1B209C756A00BF0596 /* SelectedProductViewController.swift in Sources */ = {isa = PBXBuildFile; fileRef = BD44EF1A209C756A00BF0596 /* SelectedProductViewController.swift */; };
		BD5FF6BA2091A77D00FC5218 /* AppDelegate.swift in Sources */ = {isa = PBXBuildFile; fileRef = BD5FF6B92091A77D00FC5218 /* AppDelegate.swift */; };
		BD5FF6BC2091A77D00FC5218 /* ViewController.swift in Sources */ = {isa = PBXBuildFile; fileRef = BD5FF6BB2091A77D00FC5218 /* ViewController.swift */; };
		BD5FF6BF2091A77D00FC5218 /* Main.storyboard in Resources */ = {isa = PBXBuildFile; fileRef = BD5FF6BD2091A77D00FC5218 /* Main.storyboard */; };
		BD5FF6C22091A77E00FC5218 /* First.xcdatamodeld in Sources */ = {isa = PBXBuildFile; fileRef = BD5FF6C02091A77E00FC5218 /* First.xcdatamodeld */; };
		BD5FF6C42091A77E00FC5218 /* Assets.xcassets in Resources */ = {isa = PBXBuildFile; fileRef = BD5FF6C32091A77E00FC5218 /* Assets.xcassets */; };
		BD5FF6C72091A77E00FC5218 /* LaunchScreen.storyboard in Resources */ = {isa = PBXBuildFile; fileRef = BD5FF6C52091A77E00FC5218 /* LaunchScreen.storyboard */; };
		BD5FF6D12091B66A00FC5218 /* 20367490.png in Resources */ = {isa = PBXBuildFile; fileRef = BD5FF6D02091B66A00FC5218 /* 20367490.png */; };
/* End PBXBuildFile section */

/* Begin PBXFileReference section */
		BD44EF18209C719200BF0596 /* ProductTableViewController.swift */ = {isa = PBXFileReference; lastKnownFileType = sourcecode.swift; path = ProductTableViewController.swift; sourceTree = "<group>"; };
		BD44EF1A209C756A00BF0596 /* SelectedProductViewController.swift */ = {isa = PBXFileReference; lastKnownFileType = sourcecode.swift; path = SelectedProductViewController.swift; sourceTree = "<group>"; };
		BD5FF6B62091A77D00FC5218 /* First.app */ = {isa = PBXFileReference; explicitFileType = wrapper.application; includeInIndex = 0; path = First.app; sourceTree = BUILT_PRODUCTS_DIR; };
		BD5FF6B92091A77D00FC5218 /* AppDelegate.swift */ = {isa = PBXFileReference; lastKnownFileType = sourcecode.swift; path = AppDelegate.swift; sourceTree = "<group>"; };
		BD5FF6BB2091A77D00FC5218 /* ViewController.swift */ = {isa = PBXFileReference; lastKnownFileType = sourcecode.swift; path = ViewController.swift; sourceTree = "<group>"; };
		BD5FF6BE2091A77D00FC5218 /* Base */ = {isa = PBXFileReference; lastKnownFileType = file.storyboard; name = Base; path = Base.lproj/Main.storyboard; sourceTree = "<group>"; };
		BD5FF6C12091A77E00FC5218 /* First.xcdatamodel */ = {isa = PBXFileReference; lastKnownFileType = wrapper.xcdatamodel; path = First.xcdatamodel; sourceTree = "<group>"; };
		BD5FF6C32091A77E00FC5218 /* Assets.xcassets */ = {isa = PBXFileReference; lastKnownFileType = folder.assetcatalog; path = Assets.xcassets; sourceTree = "<group>"; };
		BD5FF6C62091A77E00FC5218 /* Base */ = {isa = PBXFileReference; lastKnownFileType = file.storyboard; name = Base; path = Base.lproj/LaunchScreen.storyboard; sourceTree = "<group>"; };
		BD5FF6C82091A77E00FC5218 /* Info.plist */ = {isa = PBXFileReference; lastKnownFileType = text.plist.xml; path = Info.plist; sourceTree = "<group>"; };
		BD5FF6D02091B66A00FC5218 /* 20367490.png */ = {isa = PBXFileReference; lastKnownFileType = image.png; name = 20367490.png; path = First/Assets.xcassets/20367490.imageset/20367490.png; sourceTree = SOURCE_ROOT; };
/* End PBXFileReference section */

/* Begin PBXFrameworksBuildPhase section */
		BD5FF6B32091A77D00FC5218 /* Frameworks */ = {
			isa = PBXFrameworksBuildPhase;
			buildActionMask = 2147483647;
			files = (
			);
			runOnlyForDeploymentPostprocessing = 0;
		};
/* End PBXFrameworksBuildPhase section */

/* Begin PBXGroup section */
		BD5FF6AD2091A77D00FC5218 = {
			isa = PBXGroup;
			children = (
				BD5FF6B82091A77D00FC5218 /* First */,
				BD5FF6B72091A77D00FC5218 /* Products */,
			);
			sourceTree = "<group>";
		};
		BD5FF6B72091A77D00FC5218 /* Products */ = {
			isa = PBXGroup;
			children = (
				BD5FF6B62091A77D00FC5218 /* First.app */,
			);
			name = Products;
			sourceTree = "<group>";
		};
		BD5FF6B82091A77D00FC5218 /* First */ = {
			isa = PBXGroup;
			children = (
				BD5FF6CE2091B4F700FC5218 /* Resources */,
				BD5FF6B92091A77D00FC5218 /* AppDelegate.swift */,
				BD5FF6BB2091A77D00FC5218 /* ViewController.swift */,
				BD44EF1A209C756A00BF0596 /* SelectedProductViewController.swift */,
				BD44EF18209C719200BF0596 /* ProductTableViewController.swift */,
				BD5FF6BD2091A77D00FC5218 /* Main.storyboard */,
				BD5FF6C32091A77E00FC5218 /* Assets.xcassets */,
				BD5FF6C52091A77E00FC5218 /* LaunchScreen.storyboard */,
				BD5FF6C82091A77E00FC5218 /* Info.plist */,
				BD5FF6C02091A77E00FC5218 /* First.xcdatamodeld */,
			);
			path = First;
			sourceTree = "<group>";
		};
		BD5FF6CE2091B4F700FC5218 /* Resources */ = {
			isa = PBXGroup;
			children = (
				BD5FF6CF2091B50700FC5218 /* Images */,
			);
			path = Resources;
			sourceTree = "<group>";
		};
		BD5FF6CF2091B50700FC5218 /* Images */ = {
			isa = PBXGroup;
			children = (
				BD5FF6D02091B66A00FC5218 /* 20367490.png */,
			);
			path = Images;
			sourceTree = "<group>";
		};
/* End PBXGroup section */

/* Begin PBXNativeTarget section */
		BD5FF6B52091A77D00FC5218 /* First */ = {
			isa = PBXNativeTarget;
			buildConfigurationList = BD5FF6CB2091A77E00FC5218 /* Build configuration list for PBXNativeTarget "First" */;
			buildPhases = (
				BD5FF6B22091A77D00FC5218 /* Sources */,
				BD5FF6B32091A77D00FC5218 /* Frameworks */,
				BD5FF6B42091A77D00FC5218 /* Resources */,
			);
			buildRules = (
			);
			dependencies = (
			);
			name = First;
			productName = First;
			productReference = BD5FF6B62091A77D00FC5218 /* First.app */;
			productType = "com.apple.product-type.application";
		};
/* End PBXNativeTarget section */

/* Begin PBXProject section */
		BD5FF6AE2091A77D00FC5218 /* Project object */ = {
			isa = PBXProject;
			attributes = {
				LastSwiftUpdateCheck = 0930;
				LastUpgradeCheck = 0930;
				ORGANIZATIONNAME = user138725;
				TargetAttributes = {
					BD5FF6B52091A77D00FC5218 = {
						CreatedOnToolsVersion = 9.3;
					};
				};
			};
			buildConfigurationList = BD5FF6B12091A77D00FC5218 /* Build configuration list for PBXProject "First" */;
			compatibilityVersion = "Xcode 9.3";
			developmentRegion = en;
			hasScannedForEncodings = 0;
			knownRegions = (
				en,
				Base,
			);
			mainGroup = BD5FF6AD2091A77D00FC5218;
			productRefGroup = BD5FF6B72091A77D00FC5218 /* Products */;
			projectDirPath = "";
			projectRoot = "";
			targets = (
				BD5FF6B52091A77D00FC5218 /* First */,
			);
		};
/* End PBXProject section */

/* Begin PBXResourcesBuildPhase section */
		BD5FF6B42091A77D00FC5218 /* Resources */ = {
			isa = PBXResourcesBuildPhase;
			buildActionMask = 2147483647;
			files = (
				BD5FF6C72091A77E00FC5218 /* LaunchScreen.storyboard in Resources */,
				BD5FF6C42091A77E00FC5218 /* Assets.xcassets in Resources */,
				BD5FF6D12091B66A00FC5218 /* 20367490.png in Resources */,
				BD5FF6BF2091A77D00FC5218 /* Main.storyboard in Resources */,
			);
			runOnlyForDeploymentPostprocessing = 0;
		};
/* End PBXResourcesBuildPhase section */

/* Begin PBXSourcesBuildPhase section */
		BD5FF6B22091A77D00FC5218 /* Sources */ = {
			isa = PBXSourcesBuildPhase;
			buildActionMask = 2147483647;
			files = (
				BD5FF6C22091A77E00FC5218 /* First.xcdatamodeld in Sources */,
				BD5FF6BC2091A77D00FC5218 /* ViewController.swift in Sources */,
				BD44EF1B209C756A00BF0596 /* SelectedProductViewController.swift in Sources */,
				BD44EF19209C719200BF0596 /* ProductTableViewController.swift in Sources */,
				BD5FF6BA2091A77D00FC5218 /* AppDelegate.swift in Sources */,
			);
			runOnlyForDeploymentPostprocessing = 0;
		};
/* End PBXSourcesBuildPhase section */

/* Begin PBXVariantGroup section */
		BD5FF6BD2091A77D00FC5218 /* Main.storyboard */ = {
			isa = PBXVariantGroup;
			children = (
				BD5FF6BE2091A77D00FC5218 /* Base */,
			);
			name = Main.storyboard;
			sourceTree = "<group>";
		};
		BD5FF6C52091A77E00FC5218 /* LaunchScreen.storyboard */ = {
			isa = PBXVariantGroup;
			children = (
				BD5FF6C62091A77E00FC5218 /* Base */,
			);
			name = LaunchScreen.storyboard;
			sourceTree = "<group>";
		};
/* End PBXVariantGroup section */

/* Begin XCBuildConfiguration section */
		BD5FF6C92091A77E00FC5218 /* Debug */ = {
			isa = XCBuildConfiguration;
			buildSettings = {
				ALWAYS_SEARCH_USER_PATHS = NO;
				CLANG_ANALYZER_NONNULL = YES;
				CLANG_ANALYZER_NUMBER_OBJECT_CONVERSION = YES_AGGRESSIVE;
				CLANG_CXX_LANGUAGE_STANDARD = "gnu++14";
				CLANG_CXX_LIBRARY = "libc++";
				CLANG_ENABLE_MODULES = YES;
				CLANG_ENABLE_OBJC_ARC = YES;
				CLANG_ENABLE_OBJC_WEAK = YES;
				CLANG_WARN_BLOCK_CAPTURE_AUTORELEASING = YES;
				CLANG_WARN_BOOL_CONVERSION = YES;
				CLANG_WARN_COMMA = YES;
				CLANG_WARN_CONSTANT_CONVERSION = YES;
				CLANG_WARN_DEPRECATED_OBJC_IMPLEMENTATIONS = YES;
				CLANG_WARN_DIRECT_OBJC_ISA_USAGE = YES_ERROR;
				CLANG_WARN_DOCUMENTATION_COMMENTS = YES;
				CLANG_WARN_EMPTY_BODY = YES;
				CLANG_WARN_ENUM_CONVERSION = YES;
				CLANG_WARN_INFINITE_RECURSION = YES;
				CLANG_WARN_INT_CONVERSION = YES;
				CLANG_WARN_NON_LITERAL_NULL_CONVERSION = YES;
				CLANG_WARN_OBJC_IMPLICIT_RETAIN_SELF = YES;
				CLANG_WARN_OBJC_LITERAL_CONVERSION = YES;
				CLANG_WARN_OBJC_ROOT_CLASS = YES_ERROR;
				CLANG_WARN_RANGE_LOOP_ANALYSIS = YES;
				CLANG_WARN_STRICT_PROTOTYPES = YES;
				CLANG_WARN_SUSPICIOUS_MOVE = YES;
				CLANG_WARN_UNGUARDED_AVAILABILITY = YES_AGGRESSIVE;
				CLANG_WARN_UNREACHABLE_CODE = YES;
				CLANG_WARN__DUPLICATE_METHOD_MATCH = YES;
				CODE_SIGN_IDENTITY = "iPhone Developer";
				COPY_PHASE_STRIP = NO;
				DEBUG_INFORMATION_FORMAT = dwarf;
				ENABLE_STRICT_OBJC_MSGSEND = YES;
				ENABLE_TESTABILITY = YES;
				GCC_C_LANGUAGE_STANDARD = gnu11;
				GCC_DYNAMIC_NO_PIC = NO;
				GCC_NO_COMMON_BLOCKS = YES;
				GCC_OPTIMIZATION_LEVEL = 0;
				GCC_PREPROCESSOR_DEFINITIONS = (
					"DEBUG=1",
					"$(inherited)",
				);
				GCC_WARN_64_TO_32_BIT_CONVERSION = YES;
				GCC_WARN_ABOUT_RETURN_TYPE = YES_ERROR;
				GCC_WARN_UNDECLARED_SELECTOR = YES;
				GCC_WARN_UNINITIALIZED_AUTOS = YES_AGGRESSIVE;
				GCC_WARN_UNUSED_FUNCTION = YES;
				GCC_WARN_UNUSED_VARIABLE = YES;
				IPHONEOS_DEPLOYMENT_TARGET = 11.3;
				MTL_ENABLE_DEBUG_INFO = YES;
				ONLY_ACTIVE_ARCH = YES;
				SDKROOT = iphoneos;
				SWIFT_ACTIVE_COMPILATION_CONDITIONS = DEBUG;
				SWIFT_OPTIMIZATION_LEVEL = "-Onone";
			};
			name = Debug;
		};
		BD5FF6CA2091A77E00FC5218 /* Release */ = {
			isa = XCBuildConfiguration;
			buildSettings = {
				ALWAYS_SEARCH_USER_PATHS = NO;
				CLANG_ANALYZER_NONNULL = YES;
				CLANG_ANALYZER_NUMBER_OBJECT_CONVERSION = YES_AGGRESSIVE;
				CLANG_CXX_LANGUAGE_STANDARD = "gnu++14";
				CLANG_CXX_LIBRARY = "libc++";
				CLANG_ENABLE_MODULES = YES;
				CLANG_ENABLE_OBJC_ARC = YES;
				CLANG_ENABLE_OBJC_WEAK = YES;
				CLANG_WARN_BLOCK_CAPTURE_AUTORELEASING = YES;
				CLANG_WARN_BOOL_CONVERSION = YES;
				CLANG_WARN_COMMA = YES;
				CLANG_WARN_CONSTANT_CONVERSION = YES;
				CLANG_WARN_DEPRECATED_OBJC_IMPLEMENTATIONS = YES;
				CLANG_WARN_DIRECT_OBJC_ISA_USAGE = YES_ERROR;
				CLANG_WARN_DOCUMENTATION_COMMENTS = YES;
				CLANG_WARN_EMPTY_BODY = YES;
				CLANG_WARN_ENUM_CONVERSION = YES;
				CLANG_WARN_INFINITE_RECURSION = YES;
				CLANG_WARN_INT_CONVERSION = YES;
				CLANG_WARN_NON_LITERAL_NULL_CONVERSION = YES;
				CLANG_WARN_OBJC_IMPLICIT_RETAIN_SELF = YES;
				CLANG_WARN_OBJC_LITERAL_CONVERSION = YES;
				CLANG_WARN_OBJC_ROOT_CLASS = YES_ERROR;
				CLANG_WARN_RANGE_LOOP_ANALYSIS = YES;
				CLANG_WARN_STRICT_PROTOTYPES = YES;
				CLANG_WARN_SUSPICIOUS_MOVE = YES;
				CLANG_WARN_UNGUARDED_AVAILABILITY = YES_AGGRESSIVE;
				CLANG_WARN_UNREACHABLE_CODE = YES;
				CLANG_WARN__DUPLICATE_METHOD_MATCH = YES;
				CODE_SIGN_IDENTITY = "iPhone Developer";
				COPY_PHASE_STRIP = NO;
				DEBUG_INFORMATION_FORMAT = "dwarf-with-dsym";
				ENABLE_NS_ASSERTIONS = NO;
				ENABLE_STRICT_OBJC_MSGSEND = YES;
				GCC_C_LANGUAGE_STANDARD = gnu11;
				GCC_NO_COMMON_BLOCKS = YES;
				GCC_WARN_64_TO_32_BIT_CONVERSION = YES;
				GCC_WARN_ABOUT_RETURN_TYPE = YES_ERROR;
				GCC_WARN_UNDECLARED_SELECTOR = YES;
				GCC_WARN_UNINITIALIZED_AUTOS = YES_AGGRESSIVE;
				GCC_WARN_UNUSED_FUNCTION = YES;
				GCC_WARN_UNUSED_VARIABLE = YES;
				IPHONEOS_DEPLOYMENT_TARGET = 11.3;
				MTL_ENABLE_DEBUG_INFO = NO;
				SDKROOT = iphoneos;
				SWIFT_COMPILATION_MODE = wholemodule;
				SWIFT_OPTIMIZATION_LEVEL = "-O";
				VALIDATE_PRODUCT = YES;
			};
			name = Release;
		};
		BD5FF6CC2091A77E00FC5218 /* Debug */ = {
			isa = XCBuildConfiguration;
			buildSettings = {
				ASSETCATALOG_COMPILER_APPICON_NAME = AppIcon;
				CODE_SIGN_STYLE = Automatic;
				INFOPLIST_FILE = First/Info.plist;
				IPHONEOS_DEPLOYMENT_TARGET = 11.3;
				LD_RUNPATH_SEARCH_PATHS = (
					"$(inherited)",
					"@executable_path/Frameworks",
				);
				PRODUCT_BUNDLE_IDENTIFIER = com.CSU.First.First;
				PRODUCT_NAME = "$(TARGET_NAME)";
				SWIFT_VERSION = 4.0;
				TARGETED_DEVICE_FAMILY = "1,2";
			};
			name = Debug;
		};
		BD5FF6CD2091A77E00FC5218 /* Release */ = {
			isa = XCBuildConfiguration;
			buildSettings = {
				ASSETCATALOG_COMPILER_APPICON_NAME = AppIcon;
				CODE_SIGN_STYLE = Automatic;
				INFOPLIST_FILE = First/Info.plist;
				IPHONEOS_DEPLOYMENT_TARGET = 11.3;
				LD_RUNPATH_SEARCH_PATHS = (
					"$(inherited)",
					"@executable_path/Frameworks",
				);
				PRODUCT_BUNDLE_IDENTIFIER = com.CSU.First.First;
				PRODUCT_NAME = "$(TARGET_NAME)";
				SWIFT_VERSION = 4.0;
				TARGETED_DEVICE_FAMILY = "1,2";
			};
			name = Release;
		};
/* End XCBuildConfiguration section */

/* Begin XCConfigurationList section */
		BD5FF6B12091A77D00FC5218 /* Build configuration list for PBXProject "First" */ = {
			isa = XCConfigurationList;
			buildConfigurations = (
				BD5FF6C92091A77E00FC5218 /* Debug */,
				BD5FF6CA2091A77E00FC5218 /* Release */,
			);
			defaultConfigurationIsVisible = 0;
			defaultConfigurationName = Release;
		};
		BD5FF6CB2091A77E00FC5218 /* Build configuration list for PBXNativeTarget "First" */ = {
			isa = XCConfigurationList;
			buildConfigurations = (
				BD5FF6CC2091A77E00FC5218 /* Debug */,
				BD5FF6CD2091A77E00FC5218 /* Release */,
			);
			defaultConfigurationIsVisible = 0;
			defaultConfigurationName = Release;
		};
/* End XCConfigurationList section */

/* Begin XCVersionGroup section */
		BD5FF6C02091A77E00FC5218 /* First.xcdatamodeld */ = {
			isa = XCVersionGroup;
			children = (
				BD5FF6C12091A77E00FC5218 /* First.xcdatamodel */,
			);
			currentVersion = BD5FF6C12091A77E00FC5218 /* First.xcdatamodel */;
			path = First.xcdatamodeld;
			sourceTree = "<group>";
			versionGroupType = wrapper.xcdatamodel;
		};
/* End XCVersionGroup section */
	};
	rootObject = BD5FF6AE2091A77D00FC5218 /* Project object */;
}
